
Microsoft Visual Studio Solution File, Format Version 12.00
# Visual Studio Version 17
VisualStudioVersion = 17.4.33213.308
MinimumVisualStudioVersion = 10.0.40219.1
Project("{FAE04EC0-301F-11D3-BF4B-00C04F79EFBC}") = "X_O", "X_O\X_O.csproj", "{B008C282-7B01-4D64-8085-283DA4547437}"
EndProject
Global
	GlobalSection(SolutionConfigurationPlatforms) = preSolution
		Debug|Any CPU = Debug|Any CPU
		Release|Any CPU = Release|Any CPU
	EndGlobalSection
	GlobalSection(ProjectConfigurationPlatforms) = postSolution
		{B008C282-7B01-4D64-8085-283DA4547437}.Debug|Any CPU.ActiveCfg = Debug|Any CPU
		{B008C282-7B01-4D64-8085-283DA4547437}.Debug|Any CPU.Build.0 = Debug|Any CPU
		{B008C282-7B01-4D64-8085-283DA4547437}.Release|Any CPU.ActiveCfg = Release|Any CPU
		{B008C282-7B01-4D64-8085-283DA4547437}.Release|Any CPU.Build.0 = Release|Any CPU
	EndGlobalSection
	GlobalSection(SolutionProperties) = preSolution
		HideSolutionNode = FALSE
	EndGlobalSection
	GlobalSection(ExtensibilityGlobals) = postSolution
		SolutionGuid = {E04B0E2D-1E14-4857-8A0F-1132660F567C}
	EndGlobalSection
EndGlobal
